{
  "pins" : [
    {
      "identity" : "tdlibframework",
      "kind" : "remoteSourceControl",
      "location" : "https://github.com/Swiftgram/TDLibFramework",
      "state" : {
        "revision" : "8014a4eb1cc38c6384d5ae04c3e106717f984ea0",
        "version" : "1.8.4-a63642c8"
      }
    }
  ],
  "version" : 2
}
